// !$*UTF8*$!
{
	archiveVersion = 1;
	classes = {
	};
	objectVersion = 46;
	objects = {

/* Begin PBXBuildFile section */
		48922C2617F1616600AD44E4 /* UIKit.framework in Frameworks */ = {isa = PBXBuildFile; fileRef = 48922C2517F1616600AD44E4 /* UIKit.framework */; };
		48922C2817F1616600AD44E4 /* Foundation.framework in Frameworks */ = {isa = PBXBuildFile; fileRef = 48922C2717F1616600AD44E4 /* Foundation.framework */; };
		48922C2A17F1616600AD44E4 /* CoreGraphics.framework in Frameworks */ = {isa = PBXBuildFile; fileRef = 48922C2917F1616600AD44E4 /* CoreGraphics.framework */; };
		48922C3017F1616600AD44E4 /* InfoPlist.strings in Resources */ = {isa = PBXBuildFile; fileRef = 48922C2E17F1616600AD44E4 /* InfoPlist.strings */; };
		48922C3217F1616600AD44E4 /* main.m in Sources */ = {isa = PBXBuildFile; fileRef = 48922C3117F1616600AD44E4 /* main.m */; };
		48922C3617F1616600AD44E4 /* ShellAppDelegate.m in Sources */ = {isa = PBXBuildFile; fileRef = 48922C3517F1616600AD44E4 /* ShellAppDelegate.m */; };
		48922C3817F1616600AD44E4 /* Default.png in Resources */ = {isa = PBXBuildFile; fileRef = 48922C3717F1616600AD44E4 /* Default.png */; };
		48922C3A17F1616600AD44E4 /* Default@2x.png in Resources */ = {isa = PBXBuildFile; fileRef = 48922C3917F1616600AD44E4 /* Default@2x.png */; };
		48922C3C17F1616600AD44E4 /* Default-568h@2x.png in Resources */ = {isa = PBXBuildFile; fileRef = 48922C3B17F1616600AD44E4 /* Default-568h@2x.png */; };
		48922C3F17F1616600AD44E4 /* MainStoryboard.storyboard in Resources */ = {isa = PBXBuildFile; fileRef = 48922C3D17F1616600AD44E4 /* MainStoryboard.storyboard */; };
		48922C4217F1616600AD44E4 /* ShellViewController.m in Sources */ = {isa = PBXBuildFile; fileRef = 48922C4117F1616600AD44E4 /* ShellViewController.m */; };
/* End PBXBuildFile section */

/* Begin PBXFileReference section */
		48922C2217F1616600AD44E4 /* Shell.app */ = {isa = PBXFileReference; explicitFileType = wrapper.application; includeInIndex = 0; path = Shell.app; sourceTree = BUILT_PRODUCTS_DIR; };
		48922C2517F1616600AD44E4 /* UIKit.framework */ = {isa = PBXFileReference; lastKnownFileType = wrapper.framework; name = UIKit.framework; path = System/Library/Frameworks/UIKit.framework; sourceTree = SDKROOT; };
		48922C2717F1616600AD44E4 /* Foundation.framework */ = {isa = PBXFileReference; lastKnownFileType = wrapper.framework; name = Foundation.framework; path = System/Library/Frameworks/Foundation.framework; sourceTree = SDKROOT; };
		48922C2917F1616600AD44E4 /* CoreGraphics.framework */ = {isa = PBXFileReference; lastKnownFileType = wrapper.framework; name = CoreGraphics.framework; path = System/Library/Frameworks/CoreGraphics.framework; sourceTree = SDKROOT; };
		48922C2D17F1616600AD44E4 /* Shell-Info.plist */ = {isa = PBXFileReference; lastKnownFileType = text.plist.xml; path = "Shell-Info.plist"; sourceTree = "<group>"; };
		48922C2F17F1616600AD44E4 /* en */ = {isa = PBXFileReference; lastKnownFileType = text.plist.strings; name = en; path = en.lproj/InfoPlist.strings; sourceTree = "<group>"; };
		48922C3117F1616600AD44E4 /* main.m */ = {isa = PBXFileReference; lastKnownFileType = sourcecode.c.objc; path = main.m; sourceTree = "<group>"; };
		48922C3317F1616600AD44E4 /* Shell-Prefix.pch */ = {isa = PBXFileReference; lastKnownFileType = sourcecode.c.h; path = "Shell-Prefix.pch"; sourceTree = "<group>"; };
		48922C3417F1616600AD44E4 /* ShellAppDelegate.h */ = {isa = PBXFileReference; lastKnownFileType = sourcecode.c.h; path = ShellAppDelegate.h; sourceTree = "<group>"; };
		48922C3517F1616600AD44E4 /* ShellAppDelegate.m */ = {isa = PBXFileReference; lastKnownFileType = sourcecode.c.objc; path = ShellAppDelegate.m; sourceTree = "<group>"; };
		48922C3717F1616600AD44E4 /* Default.png */ = {isa = PBXFileReference; lastKnownFileType = image.png; path = Default.png; sourceTree = "<group>"; };
		48922C3917F1616600AD44E4 /* Default@2x.png */ = {isa = PBXFileReference; lastKnownFileType = image.png; path = "Default@2x.png"; sourceTree = "<group>"; };
		48922C3B17F1616600AD44E4 /* Default-568h@2x.png */ = {isa = PBXFileReference; lastKnownFileType = image.png; path = "Default-568h@2x.png"; sourceTree = "<group>"; };
		48922C3E17F1616600AD44E4 /* en */ = {isa = PBXFileReference; lastKnownFileType = file.storyboard; name = en; path = en.lproj/MainStoryboard.storyboard; sourceTree = "<group>"; };
		48922C4017F1616600AD44E4 /* ShellViewController.h */ = {isa = PBXFileReference; lastKnownFileType = sourcecode.c.h; path = ShellViewController.h; sourceTree = "<group>"; };
		48922C4117F1616600AD44E4 /* ShellViewController.m */ = {isa = PBXFileReference; lastKnownFileType = sourcecode.c.objc; path = ShellViewController.m; sourceTree = "<group>"; };
/* End PBXFileReference section */

/* Begin PBXFrameworksBuildPhase section */
		48922C1F17F1616600AD44E4 /* Frameworks */ = {
			isa = PBXFrameworksBuildPhase;
			buildActionMask = 2147483647;
			files = (
				48922C2617F1616600AD44E4 /* UIKit.framework in Frameworks */,
				48922C2817F1616600AD44E4 /* Foundation.framework in Frameworks */,
				48922C2A17F1616600AD44E4 /* CoreGraphics.framework in Frameworks */,
			);
			runOnlyForDeploymentPostprocessing = 0;
		};
/* End PBXFrameworksBuildPhase section */

/* Begin PBXGroup section */
		48922C1917F1616600AD44E4 = {
			isa = PBXGroup;
			children = (
				48922C2B17F1616600AD44E4 /* Shell */,
				48922C2417F1616600AD44E4 /* Frameworks */,
				48922C2317F1616600AD44E4 /* Products */,
			);
			sourceTree = "<group>";
		};
		48922C2317F1616600AD44E4 /* Products */ = {
			isa = PBXGroup;
			children = (
				48922C2217F1616600AD44E4 /* Shell.app */,
			);
			name = Products;
			sourceTree = "<group>";
		};
		48922C2417F1616600AD44E4 /* Frameworks */ = {
			isa = PBXGroup;
			children = (
				48922C2517F1616600AD44E4 /* UIKit.framework */,
				48922C2717F1616600AD44E4 /* Foundation.framework */,
				48922C2917F1616600AD44E4 /* CoreGraphics.framework */,
			);
			name = Frameworks;
			sourceTree = "<group>";
		};
		48922C2B17F1616600AD44E4 /* Shell */ = {
			isa = PBXGroup;
			children = (
				48922C3417F1616600AD44E4 /* ShellAppDelegate.h */,
				48922C3517F1616600AD44E4 /* ShellAppDelegate.m */,
				48922C3D17F1616600AD44E4 /* MainStoryboard.storyboard */,
				48922C4017F1616600AD44E4 /* ShellViewController.h */,
				48922C4117F1616600AD44E4 /* ShellViewController.m */,
				48922C2C17F1616600AD44E4 /* Supporting Files */,
			);
			path = Shell;
			sourceTree = "<group>";
		};
		48922C2C17F1616600AD44E4 /* Supporting Files */ = {
			isa = PBXGroup;
			children = (
				48922C2D17F1616600AD44E4 /* Shell-Info.plist */,
				48922C2E17F1616600AD44E4 /* InfoPlist.strings */,
				48922C3117F1616600AD44E4 /* main.m */,
				48922C3317F1616600AD44E4 /* Shell-Prefix.pch */,
				48922C3717F1616600AD44E4 /* Default.png */,
				48922C3917F1616600AD44E4 /* Default@2x.png */,
				48922C3B17F1616600AD44E4 /* Default-568h@2x.png */,
			);
			name = "Supporting Files";
			sourceTree = "<group>";
		};
/* End PBXGroup section */

/* Begin PBXNativeTarget section */
		48922C2117F1616600AD44E4 /* Shell */ = {
			isa = PBXNativeTarget;
			buildConfigurationList = 48922C4517F1616600AD44E4 /* Build configuration list for PBXNativeTarget "Shell" */;
			buildPhases = (
				48922C1E17F1616600AD44E4 /* Sources */,
				48922C1F17F1616600AD44E4 /* Frameworks */,
				48922C2017F1616600AD44E4 /* Resources */,
			);
			buildRules = (
			);
			dependencies = (
			);
			name = Shell;
			productName = Shell;
			productReference = 48922C2217F1616600AD44E4 /* Shell.app */;
			productType = "com.apple.product-type.application";
		};
/* End PBXNativeTarget section */

/* Begin PBXProject section */
		48922C1A17F1616600AD44E4 /* Project object */ = {
			isa = PBXProject;
			attributes = {
				CLASSPREFIX = Shell;
				LastUpgradeCheck = 0460;
				ORGANIZATIONNAME = "Yilong Geng";
			};
			buildConfigurationList = 48922C1D17F1616600AD44E4 /* Build configuration list for PBXProject "Shell" */;
			compatibilityVersion = "Xcode 3.2";
			developmentRegion = English;
			hasScannedForEncodings = 0;
			knownRegions = (
				en,
			);
			mainGroup = 48922C1917F1616600AD44E4;
			productRefGroup = 48922C2317F1616600AD44E4 /* Products */;
			projectDirPath = "";
			projectRoot = "";
			targets = (
				48922C2117F1616600AD44E4 /* Shell */,
			);
		};
/* End PBXProject section */

/* Begin PBXResourcesBuildPhase section */
		48922C2017F1616600AD44E4 /* Resources */ = {
			isa = PBXResourcesBuildPhase;
			buildActionMask = 2147483647;
			files = (
				48922C3017F1616600AD44E4 /* InfoPlist.strings in Resources */,
				48922C3817F1616600AD44E4 /* Default.png in Resources */,
				48922C3A17F1616600AD44E4 /* Default@2x.png in Resources */,
				48922C3C17F1616600AD44E4 /* Default-568h@2x.png in Resources */,
				48922C3F17F1616600AD44E4 /* MainStoryboard.storyboard in Resources */,
			);
			runOnlyForDeploymentPostprocessing = 0;
		};
/* End PBXResourcesBuildPhase section */

/* Begin PBXSourcesBuildPhase section */
		48922C1E17F1616600AD44E4 /* Sources */ = {
			isa = PBXSourcesBuildPhase;
			buildActionMask = 2147483647;
			files = (
				48922C3217F1616600AD44E4 /* main.m in Sources */,
				48922C3617F1616600AD44E4 /* ShellAppDelegate.m in Sources */,
				48922C4217F1616600AD44E4 /* ShellViewController.m in Sources */,
			);
			runOnlyForDeploymentPostprocessing = 0;
		};
/* End PBXSourcesBuildPhase section */

/* Begin PBXVariantGroup section */
		48922C2E17F1616600AD44E4 /* InfoPlist.strings */ = {
			isa = PBXVariantGroup;
			children = (
				48922C2F17F1616600AD44E4 /* en */,
			);
			name = InfoPlist.strings;
			sourceTree = "<group>";
		};
		48922C3D17F1616600AD44E4 /* MainStoryboard.storyboard */ = {
			isa = PBXVariantGroup;
			children = (
				48922C3E17F1616600AD44E4 /* en */,
			);
			name = MainStoryboard.storyboard;
			sourceTree = "<group>";
		};
/* End PBXVariantGroup section */

/* Begin XCBuildConfiguration section */
		48922C4317F1616600AD44E4 /* Debug */ = {
			isa = XCBuildConfiguration;
			buildSettings = {
				ALWAYS_SEARCH_USER_PATHS = NO;
				CLANG_CXX_LANGUAGE_STANDARD = "gnu++0x";
				CLANG_CXX_LIBRARY = "libc++";
				CLANG_ENABLE_OBJC_ARC = YES;
				CLANG_WARN_CONSTANT_CONVERSION = YES;
				CLANG_WARN_EMPTY_BODY = YES;
				CLANG_WARN_ENUM_CONVERSION = YES;
				CLANG_WARN_INT_CONVERSION = YES;
				CLANG_WARN__DUPLICATE_METHOD_MATCH = YES;
				"CODE_SIGN_IDENTITY[sdk=iphoneos*]" = "iPhone Developer";
				COPY_PHASE_STRIP = NO;
				GCC_C_LANGUAGE_STANDARD = gnu99;
				GCC_DYNAMIC_NO_PIC = NO;
				GCC_OPTIMIZATION_LEVEL = 0;
				GCC_PREPROCESSOR_DEFINITIONS = (
					"DEBUG=1",
					"$(inherited)",
				);
				GCC_SYMBOLS_PRIVATE_EXTERN = NO;
				GCC_WARN_ABOUT_RETURN_TYPE = YES;
				GCC_WARN_UNINITIALIZED_AUTOS = YES;
				GCC_WARN_UNUSED_VARIABLE = YES;
				IPHONEOS_DEPLOYMENT_TARGET = 6.1;
				ONLY_ACTIVE_ARCH = YES;
				SDKROOT = iphoneos;
			};
			name = Debug;
		};
		48922C4417F1616600AD44E4 /* Release */ = {
			isa = XCBuildConfiguration;
			buildSettings = {
				ALWAYS_SEARCH_USER_PATHS = NO;
				CLANG_CXX_LANGUAGE_STANDARD = "gnu++0x";
				CLANG_CXX_LIBRARY = "libc++";
				CLANG_ENABLE_OBJC_ARC = YES;
				CLANG_WARN_CONSTANT_CONVERSION = YES;
				CLANG_WARN_EMPTY_BODY = YES;
				CLANG_WARN_ENUM_CONVERSION = YES;
				CLANG_WARN_INT_CONVERSION = YES;
				CLANG_WARN__DUPLICATE_METHOD_MATCH = YES;
				"CODE_SIGN_IDENTITY[sdk=iphoneos*]" = "iPhone Developer";
				COPY_PHASE_STRIP = YES;
				GCC_C_LANGUAGE_STANDARD = gnu99;
				GCC_WARN_ABOUT_RETURN_TYPE = YES;
				GCC_WARN_UNINITIALIZED_AUTOS = YES;
				GCC_WARN_UNUSED_VARIABLE = YES;
				IPHONEOS_DEPLOYMENT_TARGET = 6.1;
				OTHER_CFLAGS = "-DNS_BLOCK_ASSERTIONS=1";
				SDKROOT = iphoneos;
				VALIDATE_PRODUCT = YES;
			};
			name = Release;
		};
		48922C4617F1616600AD44E4 /* Debug */ = {
			isa = XCBuildConfiguration;
			buildSettings = {
				GCC_PRECOMPILE_PREFIX_HEADER = YES;
				GCC_PREFIX_HEADER = "Shell/Shell-Prefix.pch";
				INFOPLIST_FILE = "Shell/Shell-Info.plist";
				PRODUCT_NAME = "$(TARGET_NAME)";
				WRAPPER_EXTENSION = app;
			};
			name = Debug;
		};
		48922C4717F1616600AD44E4 /* Release */ = {
			isa = XCBuildConfiguration;
			buildSettings = {
				GCC_PRECOMPILE_PREFIX_HEADER = YES;
				GCC_PREFIX_HEADER = "Shell/Shell-Prefix.pch";
				INFOPLIST_FILE = "Shell/Shell-Info.plist";
				PRODUCT_NAME = "$(TARGET_NAME)";
				WRAPPER_EXTENSION = app;
			};
			name = Release;
		};
/* End XCBuildConfiguration section */

/* Begin XCConfigurationList section */
		48922C1D17F1616600AD44E4 /* Build configuration list for PBXProject "Shell" */ = {
			isa = XCConfigurationList;
			buildConfigurations = (
				48922C4317F1616600AD44E4 /* Debug */,
				48922C4417F1616600AD44E4 /* Release */,
			);
			defaultConfigurationIsVisible = 0;
			defaultConfigurationName = Release;
		};
		48922C4517F1616600AD44E4 /* Build configuration list for PBXNativeTarget "Shell" */ = {
			isa = XCConfigurationList;
			buildConfigurations = (
				48922C4617F1616600AD44E4 /* Debug */,
				48922C4717F1616600AD44E4 /* Release */,
			);
			defaultConfigurationIsVisible = 0;
		};
/* End XCConfigurationList section */
	};
	rootObject = 48922C1A17F1616600AD44E4 /* Project object */;
}
